
Microsoft Visual Studio Solution File, Format Version 12.00
# Visual Studio Version 17
VisualStudioVersion = 17.11.35303.130
MinimumVisualStudioVersion = 10.0.40219.1
Project("{8BC9CEB8-8B4A-11D0-8D11-00A0C91BC942}") = "Module 26 Exercise 1", "Module 26 Exercise 1.vcxproj", "{FDA6E447-FB42-4649-B923-FE1EC7E5D6E7}"
EndProject
Global
	GlobalSection(SolutionConfigurationPlatforms) = preSolution
		Debug|x64 = Debug|x64
		Debug|x86 = Debug|x86
		Release|x64 = Release|x64
		Release|x86 = Release|x86
	EndGlobalSection
	GlobalSection(ProjectConfigurationPlatforms) = postSolution
		{FDA6E447-FB42-4649-B923-FE1EC7E5D6E7}.Debug|x64.ActiveCfg = Debug|x64
		{FDA6E447-FB42-4649-B923-FE1EC7E5D6E7}.Debug|x64.Build.0 = Debug|x64
		{FDA6E447-FB42-4649-B923-FE1EC7E5D6E7}.Debug|x86.ActiveCfg = Debug|Win32
		{FDA6E447-FB42-4649-B923-FE1EC7E5D6E7}.Debug|x86.Build.0 = Debug|Win32
		{FDA6E447-FB42-4649-B923-FE1EC7E5D6E7}.Release|x64.ActiveCfg = Release|x64
		{FDA6E447-FB42-4649-B923-FE1EC7E5D6E7}.Release|x64.Build.0 = Release|x64
		{FDA6E447-FB42-4649-B923-FE1EC7E5D6E7}.Release|x86.ActiveCfg = Release|Win32
		{FDA6E447-FB42-4649-B923-FE1EC7E5D6E7}.Release|x86.Build.0 = Release|Win32
	EndGlobalSection
	GlobalSection(SolutionProperties) = preSolution
		HideSolutionNode = FALSE
	EndGlobalSection
	GlobalSection(ExtensibilityGlobals) = postSolution
		SolutionGuid = {7D05B153-7389-48E7-89D9-6FEB19D23906}
	EndGlobalSection
EndGlobal
