
Microsoft Visual Studio Solution File, Format Version 12.00
# Visual Studio Version 17
VisualStudioVersion = 17.11.35303.130
MinimumVisualStudioVersion = 10.0.40219.1
Project("{8BC9CEB8-8B4A-11D0-8D11-00A0C91BC942}") = "Module 19 Exercise 3", "Module 19 Exercise 3.vcxproj", "{50E13660-7F3C-4DAB-83C4-FEA00CC7B9A8}"
EndProject
Global
	GlobalSection(SolutionConfigurationPlatforms) = preSolution
		Debug|x64 = Debug|x64
		Debug|x86 = Debug|x86
		Release|x64 = Release|x64
		Release|x86 = Release|x86
	EndGlobalSection
	GlobalSection(ProjectConfigurationPlatforms) = postSolution
		{50E13660-7F3C-4DAB-83C4-FEA00CC7B9A8}.Debug|x64.ActiveCfg = Debug|x64
		{50E13660-7F3C-4DAB-83C4-FEA00CC7B9A8}.Debug|x64.Build.0 = Debug|x64
		{50E13660-7F3C-4DAB-83C4-FEA00CC7B9A8}.Debug|x86.ActiveCfg = Debug|Win32
		{50E13660-7F3C-4DAB-83C4-FEA00CC7B9A8}.Debug|x86.Build.0 = Debug|Win32
		{50E13660-7F3C-4DAB-83C4-FEA00CC7B9A8}.Release|x64.ActiveCfg = Release|x64
		{50E13660-7F3C-4DAB-83C4-FEA00CC7B9A8}.Release|x64.Build.0 = Release|x64
		{50E13660-7F3C-4DAB-83C4-FEA00CC7B9A8}.Release|x86.ActiveCfg = Release|Win32
		{50E13660-7F3C-4DAB-83C4-FEA00CC7B9A8}.Release|x86.Build.0 = Release|Win32
	EndGlobalSection
	GlobalSection(SolutionProperties) = preSolution
		HideSolutionNode = FALSE
	EndGlobalSection
	GlobalSection(ExtensibilityGlobals) = postSolution
		SolutionGuid = {316F7AA8-9197-4A90-95C7-055E3113B022}
	EndGlobalSection
EndGlobal
